<?xml version="1.0" encoding="utf-8"?>
<Project ToolsVersion="4.0" xmlns="http://schemas.microsoft.com/developer/msbuild/2003">
  <ItemGroup>
    <Filter Include="Source Files">
      <UniqueIdentifier>{4FC737F1-C7A5-4376-A066-2A32D752A2FF}</UniqueIdentifier>
      <Extensions>cpp;c;cc;cxx;def;odl;idl;hpj;bat;asm;asmx</Extensions>
    </Filter>
    <Filter Include="Header Files">
      <UniqueIdentifier>{93995380-89BD-4b04-88EB-625FBE52EBFB}</UniqueIdentifier>
      <Extensions>h;hh;hpp;hxx;hm;inl;inc;ipp;xsd</Extensions>
    </Filter>
    <Filter Include="Resource Files">
      <UniqueIdentifier>{67DA6AB6-F800-4c08-8B7A-83BB121AAD01}</UniqueIdentifier>
      <Extensions>rc;ico;cur;bmp;dlg;rc2;rct;bin;rgs;gif;jpg;jpeg;jpe;resx;tiff;tif;png;wav;mfcribbon-ms</Extensions>
    </Filter>
    <Filter Include="Source Files\gfc">
      <UniqueIdentifier>{63272923-4e49-4005-819e-30ae066bde66}</UniqueIdentifier>
    </Filter>
    <Filter Include="Source Files\simple_json">
      <UniqueIdentifier>{74c25480-4293-488e-8772-caad60596ebc}</UniqueIdentifier>
    </Filter>
    <Filter Include="Source Files\simple_logger">
      <UniqueIdentifier>{5c265aea-9d0f-4415-9529-fe08fbb07a40}</UniqueIdentifier>
    </Filter>
    <Filter Include="Header Files\gfc">
      <UniqueIdentifier>{a5cd73b4-971b-4f60-b389-74f56df4d858}</UniqueIdentifier>
    </Filter>
    <Filter Include="Header Files\simple_json">
      <UniqueIdentifier>{bbda44e9-fb42-47d7-8aee-ed3eb7c04d69}</UniqueIdentifier>
    </Filter>
    <Filter Include="Header Files\simple_logger">
      <UniqueIdentifier>{f51c2c00-33fc-4d0c-8943-448a974fac31}</UniqueIdentifier>
    </Filter>
    <Filter Include="Resource Files\Actors">
      <UniqueIdentifier>{de6bccbf-833c-4cba-a23c-0b9d371e72d4}</UniqueIdentifier>
    </Filter>
    <Filter Include="Resource Files\Levels">
      <UniqueIdentifier>{39e8e48e-5c5a-4f76-970f-367e50911647}</UniqueIdentifier>
    </Filter>
    <Filter Include="Source Files\gf2d">
      <UniqueIdentifier>{e808d568-ca1d-4d70-a029-8f61dfacd07c}</UniqueIdentifier>
    </Filter>
    <Filter Include="Header Files\gf2d">
      <UniqueIdentifier>{62edb420-d892-4288-bc74-d1eaf6610d13}</UniqueIdentifier>
    </Filter>
    <Filter Include="Resource Files\Actors\enemies">
      <UniqueIdentifier>{9779c04b-5fe6-440d-945d-b84464654bbe}</UniqueIdentifier>
    </Filter>
    <Filter Include="Resource Files\Actors\Projectiles">
      <UniqueIdentifier>{d1bb5b53-30a4-4aa6-b78a-b51a2e54a4c8}</UniqueIdentifier>
    </Filter>
    <Filter Include="Resource Files\windows">
      <UniqueIdentifier>{b10e8d30-e7d4-414c-908d-bd100f0aca51}</UniqueIdentifier>
    </Filter>
  </ItemGroup>
  <ItemGroup>
    <ClCompile Include="..\src\game.c">
      <Filter>Source Files</Filter>
    </ClCompile>
    <ClCompile Include="..\gfc\src\gfc_audio.c">
      <Filter>Source Files\gfc</Filter>
    </ClCompile>
    <ClCompile Include="..\gfc\src\gfc_callbacks.c">
      <Filter>Source Files\gfc</Filter>
    </ClCompile>
    <ClCompile Include="..\gfc\src\gfc_input.c">
      <Filter>Source Files\gfc</Filter>
    </ClCompile>
    <ClCompile Include="..\gfc\src\gfc_list.c">
      <Filter>Source Files\gfc</Filter>
    </ClCompile>
    <ClCompile Include="..\gfc\src\gfc_matrix.c">
      <Filter>Source Files\gfc</Filter>
    </ClCompile>
    <ClCompile Include="..\gfc\src\gfc_text.c">
      <Filter>Source Files\gfc</Filter>
    </ClCompile>
    <ClCompile Include="..\gfc\src\gfc_types.c">
      <Filter>Source Files\gfc</Filter>
    </ClCompile>
    <ClCompile Include="..\gfc\src\gfc_vector.c">
      <Filter>Source Files\gfc</Filter>
    </ClCompile>
    <ClCompile Include="..\gfc\simple_json\src\simple_json.c">
      <Filter>Source Files\simple_json</Filter>
    </ClCompile>
    <ClCompile Include="..\gfc\simple_json\src\simple_json_array.c">
      <Filter>Source Files\simple_json</Filter>
    </ClCompile>
    <ClCompile Include="..\gfc\simple_json\src\simple_json_error.c">
      <Filter>Source Files\simple_json</Filter>
    </ClCompile>
    <ClCompile Include="..\gfc\simple_json\src\simple_json_list.c">
      <Filter>Source Files\simple_json</Filter>
    </ClCompile>
    <ClCompile Include="..\gfc\simple_json\src\simple_json_object.c">
      <Filter>Source Files\simple_json</Filter>
    </ClCompile>
    <ClCompile Include="..\gfc\simple_json\src\simple_json_parse.c">
      <Filter>Source Files\simple_json</Filter>
    </ClCompile>
    <ClCompile Include="..\gfc\simple_json\src\simple_json_string.c">
      <Filter>Source Files\simple_json</Filter>
    </ClCompile>
    <ClCompile Include="..\gfc\simple_logger\src\simple_logger.c">
      <Filter>Source Files\simple_logger</Filter>
    </ClCompile>
    <ClCompile Include="..\src\Geometry2D.c">
      <Filter>Source Files</Filter>
    </ClCompile>
    <ClCompile Include="..\src\level.c">
      <Filter>Source Files</Filter>
    </ClCompile>
    <ClCompile Include="..\src\bucket.c">
      <Filter>Source Files</Filter>
    </ClCompile>
    <ClCompile Include="..\src\tower.c">
      <Filter>Source Files</Filter>
    </ClCompile>
    <ClCompile Include="..\gfc\src\gfc_color.c">
      <Filter>Source Files\gfc</Filter>
    </ClCompile>
    <ClCompile Include="..\src\enemies.c">
      <Filter>Source Files</Filter>
    </ClCompile>
    <ClCompile Include="..\src\gf2d_actor.c">
      <Filter>Source Files\gf2d</Filter>
    </ClCompile>
    <ClCompile Include="..\src\gf2d_config.c">
      <Filter>Source Files\gf2d</Filter>
    </ClCompile>
    <ClCompile Include="..\src\gf2d_draw.c">
      <Filter>Source Files\gf2d</Filter>
    </ClCompile>
    <ClCompile Include="..\src\gf2d_element_actor.c">
      <Filter>Source Files\gf2d</Filter>
    </ClCompile>
    <ClCompile Include="..\src\gf2d_element_button.c">
      <Filter>Source Files\gf2d</Filter>
    </ClCompile>
    <ClCompile Include="..\src\gf2d_element_entry.c">
      <Filter>Source Files\gf2d</Filter>
    </ClCompile>
    <ClCompile Include="..\src\gf2d_element_label.c">
      <Filter>Source Files\gf2d</Filter>
    </ClCompile>
    <ClCompile Include="..\src\gf2d_element_list.c">
      <Filter>Source Files\gf2d</Filter>
    </ClCompile>
    <ClCompile Include="..\src\gf2d_elements.c">
      <Filter>Source Files\gf2d</Filter>
    </ClCompile>
    <ClCompile Include="..\src\gf2d_entity.c">
      <Filter>Source Files\gf2d</Filter>
    </ClCompile>
    <ClCompile Include="..\src\gf2d_font.c">
      <Filter>Source Files\gf2d</Filter>
    </ClCompile>
    <ClCompile Include="..\src\gf2d_graphics.c">
      <Filter>Source Files\gf2d</Filter>
    </ClCompile>
    <ClCompile Include="..\src\gf2d_mouse.c">
      <Filter>Source Files\gf2d</Filter>
    </ClCompile>
    <ClCompile Include="..\src\gf2d_shape.c">
      <Filter>Source Files\gf2d</Filter>
    </ClCompile>
    <ClCompile Include="..\src\gf2d_sprite.c">
      <Filter>Source Files\gf2d</Filter>
    </ClCompile>
    <ClCompile Include="..\src\gf2d_windows.c">
      <Filter>Source Files\gf2d</Filter>
    </ClCompile>
    <ClCompile Include="..\src\projectiles.c">
      <Filter>Source Files</Filter>
    </ClCompile>
    <ClCompile Include="..\src\player.c">
      <Filter>Source Files</Filter>
    </ClCompile>
    <ClCompile Include="..\src\sound_handler.c">
      <Filter>Source Files</Filter>
    </ClCompile>
  </ItemGroup>
  <ItemGroup>
    <ClInclude Include="..\gfc\include\gfc_audio.h">
      <Filter>Header Files\gfc</Filter>
    </ClInclude>
    <ClInclude Include="..\gfc\include\gfc_callbacks.h">
      <Filter>Header Files\gfc</Filter>
    </ClInclude>
    <ClInclude Include="..\gfc\include\gfc_color.h">
      <Filter>Header Files\gfc</Filter>
    </ClInclude>
    <ClInclude Include="..\gfc\include\gfc_input.h">
      <Filter>Header Files\gfc</Filter>
    </ClInclude>
    <ClInclude Include="..\gfc\include\gfc_list.h">
      <Filter>Header Files\gfc</Filter>
    </ClInclude>
    <ClInclude Include="..\gfc\include\gfc_matrix.h">
      <Filter>Header Files\gfc</Filter>
    </ClInclude>
    <ClInclude Include="..\gfc\include\gfc_text.h">
      <Filter>Header Files\gfc</Filter>
    </ClInclude>
    <ClInclude Include="..\gfc\include\gfc_types.h">
      <Filter>Header Files\gfc</Filter>
    </ClInclude>
    <ClInclude Include="..\gfc\include\gfc_vector.h">
      <Filter>Header Files\gfc</Filter>
    </ClInclude>
    <ClInclude Include="..\gfc\simple_json\include\simple_json.h">
      <Filter>Header Files\simple_json</Filter>
    </ClInclude>
    <ClInclude Include="..\gfc\simple_json\include\simple_json_array.h">
      <Filter>Header Files\simple_json</Filter>
    </ClInclude>
    <ClInclude Include="..\gfc\simple_json\include\simple_json_error.h">
      <Filter>Header Files\simple_json</Filter>
    </ClInclude>
    <ClInclude Include="..\gfc\simple_json\include\simple_json_list.h">
      <Filter>Header Files\simple_json</Filter>
    </ClInclude>
    <ClInclude Include="..\gfc\simple_json\include\simple_json_object.h">
      <Filter>Header Files\simple_json</Filter>
    </ClInclude>
    <ClInclude Include="..\gfc\simple_json\include\simple_json_parse.h">
      <Filter>Header Files\simple_json</Filter>
    </ClInclude>
    <ClInclude Include="..\gfc\simple_json\include\simple_json_string.h">
      <Filter>Header Files\simple_json</Filter>
    </ClInclude>
    <ClInclude Include="..\gfc\simple_json\include\simple_json_value.h">
      <Filter>Header Files\simple_json</Filter>
    </ClInclude>
    <ClInclude Include="..\gfc\simple_logger\include\simple_logger.h">
      <Filter>Header Files\simple_logger</Filter>
    </ClInclude>
    <ClInclude Include="..\include\Geometry2D.h">
      <Filter>Header Files</Filter>
    </ClInclude>
    <ClInclude Include="..\include\local.h">
      <Filter>Header Files</Filter>
    </ClInclude>
    <ClInclude Include="..\include\game.h">
      <Filter>Header Files</Filter>
    </ClInclude>
    <ClInclude Include="..\include\level.h">
      <Filter>Header Files</Filter>
    </ClInclude>
    <ClInclude Include="..\include\bucket.h">
      <Filter>Header Files</Filter>
    </ClInclude>
    <ClInclude Include="..\include\tower.h">
      <Filter>Header Files</Filter>
    </ClInclude>
    <ClInclude Include="..\include\enemies.h">
      <Filter>Header Files</Filter>
    </ClInclude>
    <ClInclude Include="..\include\gf2d_actor.h">
      <Filter>Header Files\gf2d</Filter>
    </ClInclude>
    <ClInclude Include="..\include\gf2d_config.h">
      <Filter>Header Files\gf2d</Filter>
    </ClInclude>
    <ClInclude Include="..\include\gf2d_draw.h">
      <Filter>Header Files\gf2d</Filter>
    </ClInclude>
    <ClInclude Include="..\include\gf2d_element_actor.h">
      <Filter>Header Files\gf2d</Filter>
    </ClInclude>
    <ClInclude Include="..\include\gf2d_element_button.h">
      <Filter>Header Files\gf2d</Filter>
    </ClInclude>
    <ClInclude Include="..\include\gf2d_element_entry.h">
      <Filter>Header Files\gf2d</Filter>
    </ClInclude>
    <ClInclude Include="..\include\gf2d_element_label.h">
      <Filter>Header Files\gf2d</Filter>
    </ClInclude>
    <ClInclude Include="..\include\gf2d_element_list.h">
      <Filter>Header Files\gf2d</Filter>
    </ClInclude>
    <ClInclude Include="..\include\gf2d_elements.h">
      <Filter>Header Files\gf2d</Filter>
    </ClInclude>
    <ClInclude Include="..\include\gf2d_entity.h">
      <Filter>Header Files\gf2d</Filter>
    </ClInclude>
    <ClInclude Include="..\include\gf2d_font.h">
      <Filter>Header Files\gf2d</Filter>
    </ClInclude>
    <ClInclude Include="..\include\gf2d_graphics.h">
      <Filter>Header Files\gf2d</Filter>
    </ClInclude>
    <ClInclude Include="..\include\gf2d_mouse.h">
      <Filter>Header Files\gf2d</Filter>
    </ClInclude>
    <ClInclude Include="..\include\gf2d_shape.h">
      <Filter>Header Files\gf2d</Filter>
    </ClInclude>
    <ClInclude Include="..\include\gf2d_sprite.h">
      <Filter>Header Files\gf2d</Filter>
    </ClInclude>
    <ClInclude Include="..\include\gf2d_windows.h">
      <Filter>Header Files\gf2d</Filter>
    </ClInclude>
    <ClInclude Include="..\include\projectiles.h">
      <Filter>Header Files</Filter>
    </ClInclude>
    <ClInclude Include="..\include\player.h">
      <Filter>Header Files</Filter>
    </ClInclude>
    <ClInclude Include="..\include\sound_handler.h">
      <Filter>Header Files</Filter>
    </ClInclude>
  </ItemGroup>
  <ItemGroup>
    <None Include="..\actors\mouse.actor">
      <Filter>Resource Files\Actors</Filter>
    </None>
    <None Include="..\levels\template.json">
      <Filter>Resource Files\Levels</Filter>
    </None>
    <None Include="..\levels\test.json">
      <Filter>Resource Files\Levels</Filter>
    </None>
    <None Include="..\actors\laser.actor">
      <Filter>Resource Files\Actors</Filter>
    </None>
    <None Include="..\actors\slingshot.actor">
      <Filter>Resource Files\Actors</Filter>
    </None>
    <None Include="..\actors\stinger.actor">
      <Filter>Resource Files\Actors</Filter>
    </None>
    <None Include="..\actors\music.actor">
      <Filter>Resource Files\Actors</Filter>
    </None>
    <None Include="..\actors\snowglobe.actor">
      <Filter>Resource Files\Actors</Filter>
    </None>
    <None Include="..\actors\techno.actor">
      <Filter>Resource Files\Actors</Filter>
    </None>
    <None Include="..\actors\water.actor">
      <Filter>Resource Files\Actors</Filter>
    </None>
    <None Include="..\actors\enemies\red.actor">
      <Filter>Resource Files\Actors\enemies</Filter>
    </None>
    <None Include="..\actors\enemies\blue.actor">
      <Filter>Resource Files\Actors\enemies</Filter>
    </None>
    <None Include="..\actors\enemies\green.actor">
      <Filter>Resource Files\Actors\enemies</Filter>
    </None>
    <None Include="..\actors\enemies\yellow.actor">
      <Filter>Resource Files\Actors\enemies</Filter>
    </None>
    <None Include="..\actors\enemies\super.actor">
      <Filter>Resource Files\Actors\enemies</Filter>
    </None>
    <None Include="..\actors\projectiles\stingerbolt.actor">
      <Filter>Resource Files\Actors\Projectiles</Filter>
    </None>
    <None Include="..\actors\projectiles\slingerpellet.actor">
      <Filter>Resource Files\Actors\Projectiles</Filter>
    </None>
    <None Include="..\actors\projectiles\laserlaser.actor">
      <Filter>Resource Files\Actors\Projectiles</Filter>
    </None>
    <None Include="..\actors\projectiles\waterwave.actor">
      <Filter>Resource Files\Actors\Projectiles</Filter>
    </None>
    <None Include="..\actors\projectiles\snowwave.actor">
      <Filter>Resource Files\Actors\Projectiles</Filter>
    </None>
    <None Include="..\actors\projectiles\musicnote.actor">
      <Filter>Resource Files\Actors\Projectiles</Filter>
    </None>
    <None Include="..\actors\projectiles\explosion.actor">
      <Filter>Resource Files\Actors\Projectiles</Filter>
    </None>
    <None Include="..\actors\projectiles\snowCannonBolt.actor">
      <Filter>Resource Files\Actors\Projectiles</Filter>
    </None>
    <None Include="..\config\cash_UI.json">
      <Filter>Resource Files\windows</Filter>
    </None>
    <None Include="..\config\exit_window.json">
      <Filter>Resource Files\windows</Filter>
    </None>
    <None Include="..\config\go_button_window.json">
      <Filter>Resource Files\windows</Filter>
    </None>
    <None Include="..\config\life_UI.json">
      <Filter>Resource Files\windows</Filter>
    </None>
    <None Include="..\config\yes_no_window.json">
      <Filter>Resource Files\windows</Filter>
    </None>
    <None Include="..\config\yes_no_window2.json">
      <Filter>Resource Files\windows</Filter>
    </None>
    <None Include="..\actors\goButton.actor">
      <Filter>Resource Files\Actors</Filter>
    </None>
    <None Include="..\actors\beeSwarm.actor">
      <Filter>Resource Files\Actors</Filter>
    </None>
    <None Include="..\actors\cashDrop.actor">
      <Filter>Resource Files\Actors</Filter>
    </None>
    <None Include="..\actors\speedTotem.actor">
      <Filter>Resource Files\Actors</Filter>
    </None>
    <None Include="..\actors\timeWarp.actor">
      <Filter>Resource Files\Actors</Filter>
    </None>
    <None Include="..\saves\playerTest.json">
      <Filter>Resource Files</Filter>
    </None>
    <None Include="..\config\power_button_window.json">
      <Filter>Resource Files\windows</Filter>
    </None>
    <None Include="..\config\tower_button_window.json">
      <Filter>Resource Files\windows</Filter>
    </None>
    <None Include="..\actors\towerButton.actor">
      <Filter>Resource Files\Actors</Filter>
    </None>
    <None Include="..\actors\powerButton.actor">
      <Filter>Resource Files\Actors</Filter>
    </None>
    <None Include="..\config\power_window.json">
      <Filter>Resource Files\windows</Filter>
    </None>
    <None Include="..\config\reward_window.json">
      <Filter>Resource Files\windows</Filter>
    </None>
    <None Include="..\config\gameover_window.json">
      <Filter>Resource Files\windows</Filter>
    </None>
    <None Include="..\config\round_UI.json">
      <Filter>Resource Files\windows</Filter>
    </None>
    <None Include="..\levels\level1.json">
      <Filter>Resource Files\Levels</Filter>
    </None>
    <None Include="..\config\main_menu.json">
      <Filter>Resource Files\windows</Filter>
    </None>
    <None Include="..\actors\mainmenubackground.actor">
      <Filter>Resource Files\Actors</Filter>
    </None>
  </ItemGroup>
</Project>